{
  "name": "@xmcl/azure",
  "version": "1.0.0",
  "lockfileVersion": 3,
  "requires": true,
  "packages": {
    "": {
      "name": "@xmcl/azure",
      "version": "1.0.0",
      "dependencies": {
        "@azure/functions": "^4.0.0",
        "geoip-country": "4.2.262"
      }
    },
    "node_modules/@azure/functions": {
      "version": "4.16.2",
      "resolved": "https://registry.npmjs.org/@azure/functions/-/functions-4.16.2.tgz",
      "integrity": "sha512-6uq0Z7e3njy8fHpgCVIJWDtbkZz+BYXc6L8fQjisf8+hPdnauM5yZ70j9YC8xas6zvL1dFA+EfLuZcNYyuWLTg==",
      "license": "MIT",
      "dependencies": {
        "@azure/functions-extensions-base": "0.3.0",
        "cookie": "^0.7.0"
      },
      "engines": {
        "node": ">=20.0"
      }
    },
    "node_modules/@azure/functions-extensions-base": {
      "version": "0.3.0",
      "resolved": "https://registry.npmjs.org/@azure/functions-extensions-base/-/functions-extensions-base-0.3.0.tgz",
      "integrity": "sha512-Cux0hLu5ZXlC/Kb+yvJVhRLIdkfFwui2HeT5oGZL00r/GCUUkhGTzRfZUjRN4Bq729mPv3okPucz2z7SMQLStA==",
      "license": "MIT",
      "engines": {
        "node": ">=18.0"
      }
    },
    "node_modules/async": {
      "version": "2.6.4",
      "resolved": "https://registry.npmjs.org/async/-/async-2.6.4.tgz",
      "integrity": "sha512-mzo5dfJYwAn29PeiJ0zvwTo04zj8HDJj0Mn8TD7sno7q12prdbnasKJHhkm2c1LgrhlJ0teaea8860oxi51mGA==",
      "license": "MIT",
      "dependencies": {
        "lodash": "^4.17.14"
      }
    },
    "node_modules/buffer-crc32": {
      "version": "0.2.13",
      "resolved": "https://registry.npmjs.org/buffer-crc32/-/buffer-crc32-0.2.13.tgz",
      "integrity": "sha512-VO9Ht/+p3SN7SKWqcrgEzjGbRSJYTx+Q1pTQC0wrWqHx0vpJraQ6GtHx8tvcg1rlK1byhU5gccxgOgj7B0TDkQ==",
      "license": "MIT",
      "engines": {
        "node": "*"
      }
    },
    "node_modules/cookie": {
      "version": "0.7.2",
      "resolved": "https://registry.npmjs.org/cookie/-/cookie-0.7.2.tgz",
      "integrity": "sha512-yki5XnKuf750l50uGTllt6kKILY4nQ1eNIQatoXEByZ5dWgnKqbnqmTrBE5B4N7lrMJKQ2ytWMiTO2o0v6Ew/w==",
      "license": "MIT",
      "engines": {
        "node": ">= 0.6"
      }
    },
    "node_modules/fd-slicer": {
      "version": "1.1.0",
      "resolved": "https://registry.npmjs.org/fd-slicer/-/fd-slicer-1.1.0.tgz",
      "integrity": "sha512-cE1qsB/VwyQozZ+q1dGxR8LBYNZeofhEdUNGSMbQD3Gw2lAzX9Zb3uIU6Ebc/Fmyjo9AWWfnn0AUCHqtevs/8g==",
      "license": "MIT",
      "dependencies": {
        "pend": "~1.2.0"
      }
    },
    "node_modules/geoip-country": {
      "version": "4.2.262",
      "resolved": "https://registry.npmjs.org/geoip-country/-/geoip-country-4.2.262.tgz",
      "integrity": "sha512-l/v/2JCpnK8Rb16MPEYoOPAtlVvCUY64sACRYxyU1AnU/A66ysnLcybFiKfHm/jocdLi/TOl/wW1QgXOtQp4kA==",
      "license": "MaxMind GeoLite2 License",
      "dependencies": {
        "async": "^2.6.4",
        "iconv-lite": "^0.5.2",
        "ip-address": "^6.3.0",
        "lazy": "^1.0.11",
        "yauzl": "^2.10.0"
      },
      "engines": {
        "node": ">=0.6.3"
      }
    },
    "node_modules/iconv-lite": {
      "version": "0.5.2",
      "resolved": "https://registry.npmjs.org/iconv-lite/-/iconv-lite-0.5.2.tgz",
      "integrity": "sha512-kERHXvpSaB4aU3eANwidg79K8FlrN77m8G9V+0vOR3HYaRifrlwMEpT7ZBJqLSEIHnEgJTHcWK82wwLwwKwtag==",
      "license": "MIT",
      "dependencies": {
        "safer-buffer": ">= 2.1.2 < 3"
      },
      "engines": {
        "node": ">=0.10.0"
      }
    },
    "node_modules/ip-address": {
      "version": "6.4.0",
      "resolved": "https://registry.npmjs.org/ip-address/-/ip-address-6.4.0.tgz",
      "integrity": "sha512-c5uxc2WUTuRBVHT/6r4m7HIr/DfV0bF6DvLH3iZGSK8wp8iMwwZSgIq2do0asFf8q9ECug0SE+6+1ACMe4sorA==",
      "license": "MIT",
      "dependencies": {
        "jsbn": "1.1.0",
        "lodash.find": "4.6.0",
        "lodash.max": "4.0.1",
        "lodash.merge": "4.6.2",
        "lodash.padstart": "4.6.1",
        "lodash.repeat": "4.1.0",
        "sprintf-js": "1.1.2"
      },
      "engines": {
        "node": ">= 0.10"
      }
    },
    "node_modules/jsbn": {
      "version": "1.1.0",
      "resolved": "https://registry.npmjs.org/jsbn/-/jsbn-1.1.0.tgz",
      "integrity": "sha512-4bYVV3aAMtDTTu4+xsDYa6sy9GyJ69/amsu9sYF2zqjiEoZA5xJi3BrfX3uY+/IekIu7MwdObdbDWpoZdBv3/A==",
      "license": "MIT"
    },
    "node_modules/lazy": {
      "version": "1.0.11",
      "resolved": "https://registry.npmjs.org/lazy/-/lazy-1.0.11.tgz",
      "integrity": "sha512-Y+CjUfLmIpoUCCRl0ub4smrYtGGr5AOa2AKOaWelGHOGz33X/Y/KizefGqbkwfz44+cnq/+9habclf8vOmu2LA==",
      "license": "MIT",
      "engines": {
        "node": ">=0.2.0"
      }
    },
    "node_modules/lodash": {
      "version": "4.18.1",
      "resolved": "https://registry.npmjs.org/lodash/-/lodash-4.18.1.tgz",
      "integrity": "sha512-dMInicTPVE8d1e5otfwmmjlxkZoUpiVLwyeTdUsi/Caj/gfzzblBcCE5sRHV/AsjuCmxWrte2TNGSYuCeCq+0Q==",
      "license": "MIT"
    },
    "node_modules/lodash.find": {
      "version": "4.6.0",
      "resolved": "https://registry.npmjs.org/lodash.find/-/lodash.find-4.6.0.tgz",
      "integrity": "sha512-yaRZoAV3Xq28F1iafWN1+a0rflOej93l1DQUejs3SZ41h2O9UJBoS9aueGjPDgAl4B6tPC0NuuchLKaDQQ3Isg==",
      "license": "MIT"
    },
    "node_modules/lodash.max": {
      "version": "4.0.1",
      "resolved": "https://registry.npmjs.org/lodash.max/-/lodash.max-4.0.1.tgz",
      "integrity": "sha512-iykTDTb7PK33HSQmKy34zv+hh4WEu7WonJPXQcgODzUbbtradtNs8RsD/GI7XV++60KaKR1xhW56N4ISqHesfQ==",
      "license": "MIT"
    },
    "node_modules/lodash.merge": {
      "version": "4.6.2",
      "resolved": "https://registry.npmjs.org/lodash.merge/-/lodash.merge-4.6.2.tgz",
      "integrity": "sha512-0KpjqXRVvrYyCsX1swR/XTK0va6VQkQM6MNo7PqW77ByjAhoARA8EfrP1N4+KlKj8YS0ZUCtRT/YUuhyYDujIQ==",
      "license": "MIT"
    },
    "node_modules/lodash.padstart": {
      "version": "4.6.1",
      "resolved": "https://registry.npmjs.org/lodash.padstart/-/lodash.padstart-4.6.1.tgz",
      "integrity": "sha512-sW73O6S8+Tg66eY56DBk85aQzzUJDtpoXFBgELMd5P/SotAguo+1kYO6RuYgXxA4HJH3LFTFPASX6ET6bjfriw==",
      "license": "MIT"
    },
    "node_modules/lodash.repeat": {
      "version": "4.1.0",
      "resolved": "https://registry.npmjs.org/lodash.repeat/-/lodash.repeat-4.1.0.tgz",
      "integrity": "sha512-eWsgQW89IewS95ZOcr15HHCX6FVDxq3f2PNUIng3fyzsPev9imFQxIYdFZ6crl8L56UR6ZlGDLcEb3RZsCSSqw==",
      "license": "MIT"
    },
    "node_modules/pend": {
      "version": "1.2.0",
      "resolved": "https://registry.npmjs.org/pend/-/pend-1.2.0.tgz",
      "integrity": "sha512-F3asv42UuXchdzt+xXqfW1OGlVBe+mxa2mqI0pg5yAHZPvFmY3Y6drSf/GQ1A86WgWEN9Kzh/WrgKa6iGcHXLg==",
      "license": "MIT"
    },
    "node_modules/safer-buffer": {
      "version": "2.1.2",
      "resolved": "https://registry.npmjs.org/safer-buffer/-/safer-buffer-2.1.2.tgz",
      "integrity": "sha512-YZo3K82SD7Riyi0E1EQPojLz7kpepnSQI9IyPbHHg1XXXevb5dJI7tpyN2ADxGcQbHG7vcyRHk0cbwqcQriUtg==",
      "license": "MIT"
    },
    "node_modules/sprintf-js": {
      "version": "1.1.2",
      "resolved": "https://registry.npmjs.org/sprintf-js/-/sprintf-js-1.1.2.tgz",
      "integrity": "sha512-VE0SOVEHCk7Qc8ulkWw3ntAzXuqf7S2lvwQaDLRnUeIEaKNQJzV6BwmLKhOqT61aGhfUMrXeaBk+oDGCzvhcug==",
      "license": "BSD-3-Clause"
    },
    "node_modules/yauzl": {
      "version": "2.10.0",
      "resolved": "https://registry.npmjs.org/yauzl/-/yauzl-2.10.0.tgz",
      "integrity": "sha512-p4a9I6X6nu6IhoGmBqAcbJy1mlC4j27vEPZX9F4L4/vZT3Lyq1VkFHw/V/PUcB9Buo+DG3iHkT0x3Qya58zc3g==",
      "license": "MIT",
      "dependencies": {
        "buffer-crc32": "~0.2.3",
        "fd-slicer": "~1.1.0"
      }
    }
  }
}
